{
  "version": 4,
  "terraform_version": "1.13.0",
  "serial": 72,
  "lineage": "1c91744d-2cfa-6c88-dfad-9258a883ff8a",
  "outputs": {},
  "resources": [
    {
      "mode": "data",
      "type": "template_file",
      "name": "cloudinit",
      "provider": "provider[\"registry.terraform.io/hashicorp/template\"]",
      "instances": [
        {
          "schema_version": 0,
          "attributes": {
            "filename": null,
            "id": "f82afd9ac2ab95784fbc0c610c2e57c04bc5d79f8d506dd3484cfc296d65e91f",
            "rendered": "#cloud-config\r\nusers:\r\n  - name: ubuntu\r\n    groups: sudo\r\n    shell: /bin/bash\r\n    sudo: [\"ALL=(ALL) NOPASSWD:ALL\"]\r\n    ssh_authorized_keys:\r\n      - ssh-ed25519 AAAAC3NzaC1lZDI1NTE5AAAAIMHerWUqm/ShY4pbAeY9PIYuBPWXBW9H+S2TT1sjSbdb tf_sa_key\n\r\npackage_update: true\r\npackage_upgrade: false\r\npackages:\r\n  - vim\r\n  - nginx\r\n",
            "template": "#cloud-config\r\nusers:\r\n  - name: ubuntu\r\n    groups: sudo\r\n    shell: /bin/bash\r\n    sudo: [\"ALL=(ALL) NOPASSWD:ALL\"]\r\n    ssh_authorized_keys:\r\n      - ${ssh_public_key}\r\npackage_update: true\r\npackage_upgrade: false\r\npackages:\r\n  - vim\r\n  - nginx\r\n",
            "vars": {
              "ssh_public_key": "ssh-ed25519 AAAAC3NzaC1lZDI1NTE5AAAAIMHerWUqm/ShY4pbAeY9PIYuBPWXBW9H+S2TT1sjSbdb tf_sa_key\n"
            }
          },
          "sensitive_attributes": [],
          "identity_schema_version": 0
        }
      ]
    },
    {
      "module": "module.analytics_vm",
      "mode": "data",
      "type": "yandex_compute_image",
      "name": "my_image",
      "provider": "provider[\"registry.terraform.io/yandex-cloud/yandex\"]",
      "instances": [
        {
          "schema_version": 0,
          "attributes": {
            "created_at": "2025-09-22T11:06:40Z",
            "description": "Ubuntu 20.04 lts v20250919010630",
            "family": "ubuntu-2004-lts",
            "folder_id": "standard-images",
            "hardware_generation": [
              {
                "generation2_features": [],
                "legacy_features": [
                  {
                    "pci_topology": "PCI_TOPOLOGY_V2"
                  }
                ]
              }
            ],
            "id": "fd855c73qshgd71tugqk",
            "image_id": "fd855c73qshgd71tugqk",
            "kms_key_id": null,
            "labels": {
              "version": "20250919010630"
            },
            "min_disk_size": 5,
            "name": "ubuntu-20-04-lts-v20250922",
            "os_type": "linux",
            "pooled": true,
            "product_ids": [
              "f2e9c5vjkqpulbpksfe4"
            ],
            "size": 2,
            "status": "ready"
          },
          "sensitive_attributes": [],
          "identity_schema_version": 0
        }
      ]
    },
    {
      "module": "module.analytics_vm",
      "mode": "managed",
      "type": "yandex_compute_instance",
      "name": "vm",
      "provider": "provider[\"registry.terraform.io/yandex-cloud/yandex\"]",
      "instances": [
        {
          "index_key": 0,
          "schema_version": 1,
          "attributes": {
            "allow_recreate": null,
            "allow_stopping_for_update": true,
            "boot_disk": [
              {
                "auto_delete": true,
                "device_name": "fhmr8gp7kb6orhvf76gj",
                "disk_id": "fhmr8gp7kb6orhvf76gj",
                "initialize_params": [
                  {
                    "block_size": 4096,
                    "description": "",
                    "image_id": "fd855c73qshgd71tugqk",
                    "kms_key_id": "",
                    "name": "",
                    "size": 10,
                    "snapshot_id": "",
                    "type": "network-hdd"
                  }
                ],
                "mode": "READ_WRITE"
              }
            ],
            "created_at": "2025-09-26T16:33:49Z",
            "description": "TODO: description; {{terraform yyy managed}}",
            "filesystem": [],
            "folder_id": "b1gv8ltcmc3icgjud8di",
            "fqdn": "develop-analytics-web-0.ru-central1.internal",
            "gpu_cluster_id": "",
            "hardware_generation": [
              {
                "generation2_features": [],
                "legacy_features": [
                  {
                    "pci_topology": "PCI_TOPOLOGY_V2"
                  }
                ]
              }
            ],
            "hostname": "develop-analytics-web-0",
            "id": "fhmlnlaas7omjcehhrgt",
            "labels": {
              "owner": "student",
              "project": "analytics"
            },
            "local_disk": [],
            "maintenance_grace_period": "",
            "maintenance_policy": null,
            "metadata": {
              "serial-port-enable": "1",
              "user-data": "#cloud-config\r\nusers:\r\n  - name: ubuntu\r\n    groups: sudo\r\n    shell: /bin/bash\r\n    sudo: [\"ALL=(ALL) NOPASSWD:ALL\"]\r\n    ssh_authorized_keys:\r\n      - ssh-ed25519 AAAAC3NzaC1lZDI1NTE5AAAAIMHerWUqm/ShY4pbAeY9PIYuBPWXBW9H+S2TT1sjSbdb tf_sa_key\n\r\npackage_update: true\r\npackage_upgrade: false\r\npackages:\r\n  - vim\r\n  - nginx\r\n"
            },
            "metadata_options": [
              {
                "aws_v1_http_endpoint": 1,
                "aws_v1_http_token": 2,
                "gce_http_endpoint": 1,
                "gce_http_token": 1
              }
            ],
            "name": "develop-analytics-web-0",
            "network_acceleration_type": "standard",
            "network_interface": [
              {
                "dns_record": [],
                "index": 0,
                "ip_address": "10.0.1.23",
                "ipv4": true,
                "ipv6": false,
                "ipv6_address": "",
                "ipv6_dns_record": [],
                "mac_address": "d0:0d:15:bd:54:ae",
                "nat": true,
                "nat_dns_record": [],
                "nat_ip_address": "84.201.157.196",
                "nat_ip_version": "IPV4",
                "security_group_ids": null,
                "subnet_id": "e9bpmjaec4hkltms3fkt"
              }
            ],
            "placement_policy": [
              {
                "host_affinity_rules": [],
                "placement_group_id": "",
                "placement_group_partition": 0
              }
            ],
            "platform_id": "standard-v1",
            "resources": [
              {
                "core_fraction": 5,
                "cores": 2,
                "gpus": 0,
                "memory": 1
              }
            ],
            "scheduling_policy": [
              {
                "preemptible": true
              }
            ],
            "secondary_disk": [],
            "service_account_id": "",
            "status": "running",
            "timeouts": null,
            "zone": "ru-central1-a"
          },
          "sensitive_attributes": [],
          "identity_schema_version": 0,
          "private": "eyJlMmJmYjczMC1lY2FhLTExZTYtOGY4OC0zNDM2M2JjN2M0YzAiOnsiY3JlYXRlIjozMDAwMDAwMDAwMDAsImRlbGV0ZSI6MzAwMDAwMDAwMDAwLCJ1cGRhdGUiOjMwMDAwMDAwMDAwMH0sInNjaGVtYV92ZXJzaW9uIjoiMSJ9",
          "dependencies": [
            "data.template_file.cloudinit",
            "module.analytics_vm.data.yandex_compute_image.my_image",
            "module.vpc_dev.yandex_vpc_network.vpc",
            "module.vpc_dev.yandex_vpc_subnet.subnet"
          ]
        }
      ]
    }
  ],
  "check_results": [
    {
      "object_kind": "var",
      "config_addr": "module.vpc_dev.var.cidr",
      "status": "pass",
      "objects": [
        {
          "object_addr": "module.vpc_dev.var.cidr",
          "status": "pass"
        }
      ]
    },
    {
      "object_kind": "var",
      "config_addr": "module.analytics_vm.var.platform",
      "status": "pass",
      "objects": [
        {
          "object_addr": "module.analytics_vm.var.platform",
          "status": "pass"
        }
      ]
    },
    {
      "object_kind": "var",
      "config_addr": "module.marketing_vm.var.platform",
      "status": "pass",
      "objects": [
        {
          "object_addr": "module.marketing_vm.var.platform",
          "status": "pass"
        }
      ]
    },
    {
      "object_kind": "var",
      "config_addr": "module.vpc_dev.var.env_name",
      "status": "pass",
      "objects": [
        {
          "object_addr": "module.vpc_dev.var.env_name",
          "status": "pass"
        }
      ]
    },
    {
      "object_kind": "var",
      "config_addr": "module.vpc_dev.var.zone",
      "status": "pass",
      "objects": [
        {
          "object_addr": "module.vpc_dev.var.zone",
          "status": "pass"
        }
      ]
    }
  ]
}
